
Microsoft Visual Studio Solution File, Format Version 12.00
# Visual Studio Version 17
VisualStudioVersion = 17.14.36401.2 d17.14
MinimumVisualStudioVersion = 10.0.40219.1
Project("{FAE04EC0-301F-11D3-BF4B-00C04F79EFBC}") = "RabbitMqDemo", "RabbitMqDemo\RabbitMqDemo.csproj", "{62117B56-1A17-477A-9289-A3528BDB2171}"
EndProject
Global
	GlobalSection(SolutionConfigurationPlatforms) = preSolution
		Debug|Any CPU = Debug|Any CPU
		Release|Any CPU = Release|Any CPU
	EndGlobalSection
	GlobalSection(ProjectConfigurationPlatforms) = postSolution
		{62117B56-1A17-477A-9289-A3528BDB2171}.Debug|Any CPU.ActiveCfg = Debug|Any CPU
		{62117B56-1A17-477A-9289-A3528BDB2171}.Debug|Any CPU.Build.0 = Debug|Any CPU
		{62117B56-1A17-477A-9289-A3528BDB2171}.Release|Any CPU.ActiveCfg = Release|Any CPU
		{62117B56-1A17-477A-9289-A3528BDB2171}.Release|Any CPU.Build.0 = Release|Any CPU
	EndGlobalSection
	GlobalSection(SolutionProperties) = preSolution
		HideSolutionNode = FALSE
	EndGlobalSection
	GlobalSection(ExtensibilityGlobals) = postSolution
		SolutionGuid = {1D53352C-4A84-49B8-AC03-64F61A75AC64}
	EndGlobalSection
EndGlobal
